
Microsoft Visual Studio Solution File, Format Version 12.00
# Visual Studio 15
VisualStudioVersion = 15.0.28307.1267
MinimumVisualStudioVersion = 10.0.40219.1
Project("{8BC9CEB8-8B4A-11D0-8D11-00A0C91BC942}") = "NK_IO_LC_TEST_Console", "NK_IO_LC_TEST_Console.vcxproj", "{BEEDBC80-6576-45D7-AAC9-A08FD11D6438}"
EndProject
Global
	GlobalSection(SolutionConfigurationPlatforms) = preSolution
		Debug|x64 = Debug|x64
		Debug|x86 = Debug|x86
		Release|x64 = Release|x64
		Release|x86 = Release|x86
	EndGlobalSection
	GlobalSection(ProjectConfigurationPlatforms) = postSolution
		{BEEDBC80-6576-45D7-AAC9-A08FD11D6438}.Debug|x64.ActiveCfg = Debug|x64
		{BEEDBC80-6576-45D7-AAC9-A08FD11D6438}.Debug|x64.Build.0 = Debug|x64
		{BEEDBC80-6576-45D7-AAC9-A08FD11D6438}.Debug|x86.ActiveCfg = Debug|Win32
		{BEEDBC80-6576-45D7-AAC9-A08FD11D6438}.Debug|x86.Build.0 = Debug|Win32
		{BEEDBC80-6576-45D7-AAC9-A08FD11D6438}.Release|x64.ActiveCfg = Release|x64
		{BEEDBC80-6576-45D7-AAC9-A08FD11D6438}.Release|x64.Build.0 = Release|x64
		{BEEDBC80-6576-45D7-AAC9-A08FD11D6438}.Release|x86.ActiveCfg = Release|Win32
		{BEEDBC80-6576-45D7-AAC9-A08FD11D6438}.Release|x86.Build.0 = Release|Win32
	EndGlobalSection
	GlobalSection(SolutionProperties) = preSolution
		HideSolutionNode = FALSE
	EndGlobalSection
	GlobalSection(ExtensibilityGlobals) = postSolution
		SolutionGuid = {200F8285-F73D-4FDE-8A9E-0460D9289224}
	EndGlobalSection
EndGlobal
