
Microsoft Visual Studio Solution File, Format Version 12.00
# Visual Studio 15
VisualStudioVersion = 15.0.33026.149
MinimumVisualStudioVersion = 10.0.40219.1
Project("{8BC9CEB8-8B4A-11D0-8D11-00A0C91BC942}") = "NK_IO_LC_TEST_Qt", "NK_IO_LC_TEST_Qt.vcxproj", "{81798B1A-9ECE-4672-9BEC-79D3EC5ED3DB}"
EndProject
Global
	GlobalSection(SolutionConfigurationPlatforms) = preSolution
		Debug|x64 = Debug|x64
		Debug|x86 = Debug|x86
		Release|x64 = Release|x64
		Release|x86 = Release|x86
	EndGlobalSection
	GlobalSection(ProjectConfigurationPlatforms) = postSolution
		{81798B1A-9ECE-4672-9BEC-79D3EC5ED3DB}.Debug|x64.ActiveCfg = Debug|x64
		{81798B1A-9ECE-4672-9BEC-79D3EC5ED3DB}.Debug|x64.Build.0 = Debug|x64
		{81798B1A-9ECE-4672-9BEC-79D3EC5ED3DB}.Debug|x86.ActiveCfg = Debug|Win32
		{81798B1A-9ECE-4672-9BEC-79D3EC5ED3DB}.Debug|x86.Build.0 = Debug|Win32
		{81798B1A-9ECE-4672-9BEC-79D3EC5ED3DB}.Release|x64.ActiveCfg = Release|x64
		{81798B1A-9ECE-4672-9BEC-79D3EC5ED3DB}.Release|x64.Build.0 = Release|x64
		{81798B1A-9ECE-4672-9BEC-79D3EC5ED3DB}.Release|x86.ActiveCfg = Release|Win32
		{81798B1A-9ECE-4672-9BEC-79D3EC5ED3DB}.Release|x86.Build.0 = Release|Win32
	EndGlobalSection
	GlobalSection(SolutionProperties) = preSolution
		HideSolutionNode = FALSE
	EndGlobalSection
	GlobalSection(ExtensibilityGlobals) = postSolution
		SolutionGuid = {DC3C9B9D-A8B7-419B-8FCF-0F62063D6790}
	EndGlobalSection
EndGlobal
